
Microsoft Visual Studio Solution File, Format Version 12.00
# Visual Studio Version 18
VisualStudioVersion = 18.6.11822.322 stable
MinimumVisualStudioVersion = 10.0.40219.1
Project("{FAE04EC0-301F-11D3-BF4B-00C04F79EFBC}") = "CacheSimulator", "CacheSimulator.csproj", "{A1F6F1D9-C9EA-B732-9A60-01C764715807}"
EndProject
Global
	GlobalSection(SolutionConfigurationPlatforms) = preSolution
		Debug|Any CPU = Debug|Any CPU
		Release|Any CPU = Release|Any CPU
	EndGlobalSection
	GlobalSection(ProjectConfigurationPlatforms) = postSolution
		{A1F6F1D9-C9EA-B732-9A60-01C764715807}.Debug|Any CPU.ActiveCfg = Debug|Any CPU
		{A1F6F1D9-C9EA-B732-9A60-01C764715807}.Debug|Any CPU.Build.0 = Debug|Any CPU
		{A1F6F1D9-C9EA-B732-9A60-01C764715807}.Release|Any CPU.ActiveCfg = Release|Any CPU
		{A1F6F1D9-C9EA-B732-9A60-01C764715807}.Release|Any CPU.Build.0 = Release|Any CPU
	EndGlobalSection
	GlobalSection(SolutionProperties) = preSolution
		HideSolutionNode = FALSE
	EndGlobalSection
	GlobalSection(ExtensibilityGlobals) = postSolution
		SolutionGuid = {B321D7D4-7A45-483A-94C8-824D801D6F43}
	EndGlobalSection
EndGlobal
